
Microsoft Visual Studio Solution File, Format Version 12.00
# Visual Studio Version 17
VisualStudioVersion = 17.0.31903.59
MinimumVisualStudioVersion = 10.0.40219.1
Project("{9A19103F-16F7-4668-BE54-9A1E7A4F7556}") = "Fina.Api", "Fina.Api\Fina.Api.csproj", "{3943840C-FB70-46B6-8991-82DEF2EFD988}"
EndProject
Project("{9A19103F-16F7-4668-BE54-9A1E7A4F7556}") = "Fina.Shared", "Fina.Shared\Fina.Shared.csproj", "{6C6ABDB0-73B5-4FFE-B305-80ED0E9CA39C}"
EndProject
Project("{9A19103F-16F7-4668-BE54-9A1E7A4F7556}") = "Fina.Web", "Fina.Web\Fina.Web.csproj", "{A5A88B53-4781-4BC8-B0DE-F8759DD56247}"
EndProject
Global
	GlobalSection(SolutionConfigurationPlatforms) = preSolution
		Debug|Any CPU = Debug|Any CPU
		Release|Any CPU = Release|Any CPU
	EndGlobalSection
	GlobalSection(ProjectConfigurationPlatforms) = postSolution
		{3943840C-FB70-46B6-8991-82DEF2EFD988}.Debug|Any CPU.ActiveCfg = Debug|Any CPU
		{3943840C-FB70-46B6-8991-82DEF2EFD988}.Debug|Any CPU.Build.0 = Debug|Any CPU
		{3943840C-FB70-46B6-8991-82DEF2EFD988}.Release|Any CPU.ActiveCfg = Release|Any CPU
		{3943840C-FB70-46B6-8991-82DEF2EFD988}.Release|Any CPU.Build.0 = Release|Any CPU
		{6C6ABDB0-73B5-4FFE-B305-80ED0E9CA39C}.Debug|Any CPU.ActiveCfg = Debug|Any CPU
		{6C6ABDB0-73B5-4FFE-B305-80ED0E9CA39C}.Debug|Any CPU.Build.0 = Debug|Any CPU
		{6C6ABDB0-73B5-4FFE-B305-80ED0E9CA39C}.Release|Any CPU.ActiveCfg = Release|Any CPU
		{6C6ABDB0-73B5-4FFE-B305-80ED0E9CA39C}.Release|Any CPU.Build.0 = Release|Any CPU
		{A5A88B53-4781-4BC8-B0DE-F8759DD56247}.Debug|Any CPU.ActiveCfg = Debug|Any CPU
		{A5A88B53-4781-4BC8-B0DE-F8759DD56247}.Debug|Any CPU.Build.0 = Debug|Any CPU
		{A5A88B53-4781-4BC8-B0DE-F8759DD56247}.Release|Any CPU.ActiveCfg = Release|Any CPU
		{A5A88B53-4781-4BC8-B0DE-F8759DD56247}.Release|Any CPU.Build.0 = Release|Any CPU
	EndGlobalSection
	GlobalSection(SolutionProperties) = preSolution
		HideSolutionNode = FALSE
	EndGlobalSection
	GlobalSection(ExtensibilityGlobals) = postSolution
		SolutionGuid = {0EB06810-EBA3-4FC4-A2B3-F46CEE3C3D5D}
	EndGlobalSection
EndGlobal
